
Microsoft Visual Studio Solution File, Format Version 12.00
# Visual Studio Version 17
VisualStudioVersion = 17.9.34902.65
MinimumVisualStudioVersion = 10.0.40219.1
Project("{9A19103F-16F7-4668-BE54-9A1E7A4F7556}") = "C42-G02-C#05", "C42-G02-C#05\C42-G02-C#05.csproj", "{D4ECBD6F-708F-4113-8AFC-EAAB26C12E46}"
EndProject
Project("{FAE04EC0-301F-11D3-BF4B-00C04F79EFBC}") = "demo", "demo\demo.csproj", "{7BED25B3-4D46-446F-A311-C01810AC80E2}"
EndProject
Global
	GlobalSection(SolutionConfigurationPlatforms) = preSolution
		Debug|Any CPU = Debug|Any CPU
		Release|Any CPU = Release|Any CPU
	EndGlobalSection
	GlobalSection(ProjectConfigurationPlatforms) = postSolution
		{D4ECBD6F-708F-4113-8AFC-EAAB26C12E46}.Debug|Any CPU.ActiveCfg = Debug|Any CPU
		{D4ECBD6F-708F-4113-8AFC-EAAB26C12E46}.Debug|Any CPU.Build.0 = Debug|Any CPU
		{D4ECBD6F-708F-4113-8AFC-EAAB26C12E46}.Release|Any CPU.ActiveCfg = Release|Any CPU
		{D4ECBD6F-708F-4113-8AFC-EAAB26C12E46}.Release|Any CPU.Build.0 = Release|Any CPU
		{7BED25B3-4D46-446F-A311-C01810AC80E2}.Debug|Any CPU.ActiveCfg = Debug|Any CPU
		{7BED25B3-4D46-446F-A311-C01810AC80E2}.Debug|Any CPU.Build.0 = Debug|Any CPU
		{7BED25B3-4D46-446F-A311-C01810AC80E2}.Release|Any CPU.ActiveCfg = Release|Any CPU
		{7BED25B3-4D46-446F-A311-C01810AC80E2}.Release|Any CPU.Build.0 = Release|Any CPU
	EndGlobalSection
	GlobalSection(SolutionProperties) = preSolution
		HideSolutionNode = FALSE
	EndGlobalSection
	GlobalSection(ExtensibilityGlobals) = postSolution
		SolutionGuid = {AB6789AA-6600-48AA-9712-E6251852ACF3}
	EndGlobalSection
EndGlobal
